
Microsoft Visual Studio Solution File, Format Version 12.00
# Visual Studio Version 16
VisualStudioVersion = 16.0.29920.165
MinimumVisualStudioVersion = 10.0.40219.1
Project("{FAE04EC0-301F-11D3-BF4B-00C04F79EFBC}") = "LucasTecBlazor.Web", "LucasTecBlazor.Web\LucasTecBlazor.Web.csproj", "{C5A7F24F-4AB0-4A06-841E-BAE0C352818F}"
EndProject
Global
	GlobalSection(SolutionConfigurationPlatforms) = preSolution
		Debug|Any CPU = Debug|Any CPU
		Release|Any CPU = Release|Any CPU
	EndGlobalSection
	GlobalSection(ProjectConfigurationPlatforms) = postSolution
		{C5A7F24F-4AB0-4A06-841E-BAE0C352818F}.Debug|Any CPU.ActiveCfg = Debug|Any CPU
		{C5A7F24F-4AB0-4A06-841E-BAE0C352818F}.Debug|Any CPU.Build.0 = Debug|Any CPU
		{C5A7F24F-4AB0-4A06-841E-BAE0C352818F}.Release|Any CPU.ActiveCfg = Release|Any CPU
		{C5A7F24F-4AB0-4A06-841E-BAE0C352818F}.Release|Any CPU.Build.0 = Release|Any CPU
	EndGlobalSection
	GlobalSection(SolutionProperties) = preSolution
		HideSolutionNode = FALSE
	EndGlobalSection
	GlobalSection(ExtensibilityGlobals) = postSolution
		SolutionGuid = {721A637F-C3A5-4204-8CB9-DD3A35A46C4F}
	EndGlobalSection
EndGlobal
